<?xml version="1.0" encoding="utf-8"?>
<Project ToolsVersion="4.0" xmlns="http://schemas.microsoft.com/developer/msbuild/2003">
  <ItemGroup>
    <Filter Include="Source Files">
      <UniqueIdentifier>{4FC737F1-C7A5-4376-A066-2A32D752A2FF}</UniqueIdentifier>
      <Extensions>cpp;c;cc;cxx;c++;cppm;ixx;def;odl;idl;hpj;bat;asm;asmx</Extensions>
    </Filter>
    <Filter Include="Source Files\Rendering">
      <UniqueIdentifier>{be0f05f7-805e-43bf-939c-e8505c35dca5}</UniqueIdentifier>
    </Filter>
    <Filter Include="Source Files\Engine">
      <UniqueIdentifier>{275b4428-f581-4990-942e-8630bc0e5eb5}</UniqueIdentifier>
    </Filter>
    <Filter Include="Source Files\Engine\Math">
      <UniqueIdentifier>{f7fe8367-379f-41ac-bf54-9ac341efa684}</UniqueIdentifier>
    </Filter>
    <Filter Include="Source Files\Physics">
      <UniqueIdentifier>{03045b16-5a66-416e-aab1-6c2639d59229}</UniqueIdentifier>
    </Filter>
  </ItemGroup>
  <ItemGroup>
    <None Include="shaders\shader.frag" />
    <None Include="shaders\shader.vert" />
    <None Include="shaders\offscreenshader.frag">
      <Filter>Source Files</Filter>
    </None>
    <None Include="shaders\offscreenshader.vert">
      <Filter>Source Files</Filter>
    </None>
  </ItemGroup>
  <ItemGroup>
    <ClInclude Include="source\Common.h">
      <Filter>Source Files</Filter>
    </ClInclude>
    <ClInclude Include="source\rendering\Renderer.h">
      <Filter>Source Files\Rendering</Filter>
    </ClInclude>
    <ClInclude Include="source\rendering\RendererImpl.h">
      <Filter>Source Files\Rendering</Filter>
    </ClInclude>
    <ClInclude Include="source\Engine\Actor.h">
      <Filter>Source Files\Engine</Filter>
    </ClInclude>
    <ClInclude Include="source\Engine\Component.h">
      <Filter>Source Files\Engine</Filter>
    </ClInclude>
    <ClInclude Include="source\Engine\Scene.h">
      <Filter>Source Files\Engine</Filter>
    </ClInclude>
    <ClInclude Include="source\Engine\TransformComponent.h">
      <Filter>Source Files\Engine</Filter>
    </ClInclude>
    <ClInclude Include="source\Engine\Math\Math.h">
      <Filter>Source Files\Engine\Math</Filter>
    </ClInclude>
    <ClInclude Include="source\Rendering\Model.h">
      <Filter>Source Files\Rendering</Filter>
    </ClInclude>
    <ClInclude Include="source\Rendering\Texture.h">
      <Filter>Source Files\Rendering</Filter>
    </ClInclude>
    <ClInclude Include="source\Rendering\VisualComponent.h">
      <Filter>Source Files\Rendering</Filter>
    </ClInclude>
    <ClInclude Include="source\Physics\PhysicsComponent.h">
      <Filter>Source Files\Physics</Filter>
    </ClInclude>
    <ClInclude Include="source\Physics\PhysicsSystem.h">
      <Filter>Source Files\Physics</Filter>
    </ClInclude>
    <ClInclude Include="source\Physics\ColliderComponent.h">
      <Filter>Source Files\Physics</Filter>
    </ClInclude>
    <ClInclude Include="source\Engine\Log.h">
      <Filter>Source Files\Engine</Filter>
    </ClInclude>
  </ItemGroup>
  <ItemGroup>
    <ClCompile Include="source\main.cpp">
      <Filter>Source Files</Filter>
    </ClCompile>
    <ClCompile Include="source\rendering\Renderer.cpp">
      <Filter>Source Files\Rendering</Filter>
    </ClCompile>
    <ClCompile Include="source\rendering\RendererImpl.cpp">
      <Filter>Source Files\Rendering</Filter>
    </ClCompile>
    <ClCompile Include="source\rendering\Model.cpp">
      <Filter>Source Files\Rendering</Filter>
    </ClCompile>
    <ClCompile Include="source\rendering\Texture.cpp">
      <Filter>Source Files\Rendering</Filter>
    </ClCompile>
    <ClCompile Include="source\Engine\Actor.cpp">
      <Filter>Source Files\Engine</Filter>
    </ClCompile>
    <ClCompile Include="source\Engine\Component.cpp">
      <Filter>Source Files\Engine</Filter>
    </ClCompile>
    <ClCompile Include="source\Engine\Scene.cpp">
      <Filter>Source Files\Engine</Filter>
    </ClCompile>
    <ClCompile Include="source\Engine\TransformComponent.cpp">
      <Filter>Source Files\Engine</Filter>
    </ClCompile>
    <ClCompile Include="source\Physics\PhysicsComponent.cpp">
      <Filter>Source Files\Physics</Filter>
    </ClCompile>
    <ClCompile Include="source\Physics\PhysicsSystem.cpp">
      <Filter>Source Files\Physics</Filter>
    </ClCompile>
    <ClCompile Include="source\Physics\ColliderComponent.cpp">
      <Filter>Source Files\Physics</Filter>
    </ClCompile>
    <ClCompile Include="source\Engine\Math\Math.cpp">
      <Filter>Source Files\Engine\Math</Filter>
    </ClCompile>
    <ClCompile Include="source\Engine\Log.cpp">
      <Filter>Source Files\Engine</Filter>
    </ClCompile>
  </ItemGroup>
</Project>